
Microsoft Visual Studio Solution File, Format Version 12.00
# Visual Studio 15
Project("{FAE04EC0-301F-11D3-BF4B-00C04F79EFBC}") = "Assembly-CSharp", "Assembly-CSharp.csproj", "{DC815FD6-A6C2-8BF2-4E2A-1D67B55C16CC}"
EndProject
Project("{FAE04EC0-301F-11D3-BF4B-00C04F79EFBC}") = "Assembly-CSharp-Editor", "Assembly-CSharp-Editor.csproj", "{68D21B01-A749-FB56-3313-62863A296853}"
EndProject
Global
	GlobalSection(SolutionConfigurationPlatforms) = preSolution
		Debug|Any CPU = Debug|Any CPU
		Release|Any CPU = Release|Any CPU
	EndGlobalSection
	GlobalSection(ProjectConfigurationPlatforms) = postSolution
		{DC815FD6-A6C2-8BF2-4E2A-1D67B55C16CC}.Debug|Any CPU.ActiveCfg = Debug|Any CPU
		{DC815FD6-A6C2-8BF2-4E2A-1D67B55C16CC}.Debug|Any CPU.Build.0 = Debug|Any CPU
		{DC815FD6-A6C2-8BF2-4E2A-1D67B55C16CC}.Release|Any CPU.ActiveCfg = Release|Any CPU
		{DC815FD6-A6C2-8BF2-4E2A-1D67B55C16CC}.Release|Any CPU.Build.0 = Release|Any CPU
		{68D21B01-A749-FB56-3313-62863A296853}.Debug|Any CPU.ActiveCfg = Debug|Any CPU
		{68D21B01-A749-FB56-3313-62863A296853}.Debug|Any CPU.Build.0 = Debug|Any CPU
		{68D21B01-A749-FB56-3313-62863A296853}.Release|Any CPU.ActiveCfg = Release|Any CPU
		{68D21B01-A749-FB56-3313-62863A296853}.Release|Any CPU.Build.0 = Release|Any CPU
	EndGlobalSection
	GlobalSection(SolutionProperties) = preSolution
		HideSolutionNode = FALSE
	EndGlobalSection
EndGlobal
